Microsoft Visual Studio Solution File, Format Version 12.00
# Visual Studio Version 17
VisualStudioVersion = 17.5.2.0
MinimumVisualStudioVersion = 10.0.40219.1
Project("{FAE04EC0-301F-11D3-BF4B-00C04F79EFBC}") = "InsightFlow_TaskService", "InsightFlow_TaskService.csproj", "{8FBBE917-4C1B-66E5-D32F-DB33A5A538A9}"
EndProject
Global
	GlobalSection(SolutionConfigurationPlatforms) = preSolution
		Debug|Any CPU = Debug|Any CPU
		Release|Any CPU = Release|Any CPU
	EndGlobalSection
	GlobalSection(ProjectConfigurationPlatforms) = postSolution
		{8FBBE917-4C1B-66E5-D32F-DB33A5A538A9}.Debug|Any CPU.ActiveCfg = Debug|Any CPU
		{8FBBE917-4C1B-66E5-D32F-DB33A5A538A9}.Debug|Any CPU.Build.0 = Debug|Any CPU
		{8FBBE917-4C1B-66E5-D32F-DB33A5A538A9}.Release|Any CPU.ActiveCfg = Release|Any CPU
		{8FBBE917-4C1B-66E5-D32F-DB33A5A538A9}.Release|Any CPU.Build.0 = Release|Any CPU
	EndGlobalSection
	GlobalSection(SolutionProperties) = preSolution
		HideSolutionNode = FALSE
	EndGlobalSection
	GlobalSection(ExtensibilityGlobals) = postSolution
		SolutionGuid = {99509A8A-2E4A-4092-AC5C-B77487DECEEC}
	EndGlobalSection
EndGlobal
